// !$*UTF8*$!
{
	archiveVersion = 1;
	classes = {
	};
	objectVersion = 52;
	objects = {

/* Begin PBXBuildFile section */
		6344E6AD26D0AC36006C1490 /* destinations.json in Resources */ = {isa = PBXBuildFile; fileRef = 6344E6AC26D0AC36006C1490 /* destinations.json */; };
		6344E6AF26D0ACA5006C1490 /* FileDecodingHelper.swift in Sources */ = {isa = PBXBuildFile; fileRef = 6344E6AE26D0ACA5006C1490 /* FileDecodingHelper.swift */; };
		6344E6B126D0ACDF006C1490 /* Destination.swift in Sources */ = {isa = PBXBuildFile; fileRef = 6344E6B026D0ACDF006C1490 /* Destination.swift */; };
		6344E6B626D0B3A1006C1490 /* Home.swift in Sources */ = {isa = PBXBuildFile; fileRef = 6344E6B526D0B3A1006C1490 /* Home.swift */; };
		6344E6B826D0B9B2006C1490 /* CardView.swift in Sources */ = {isa = PBXBuildFile; fileRef = 6344E6B726D0B9B2006C1490 /* CardView.swift */; };
		6344E6BA26D0C69A006C1490 /* City.swift in Sources */ = {isa = PBXBuildFile; fileRef = 6344E6B926D0C69A006C1490 /* City.swift */; };
		6344E6BD26D0C8BB006C1490 /* Lottie in Frameworks */ = {isa = PBXBuildFile; productRef = 6344E6BC26D0C8BB006C1490 /* Lottie */; };
		6344E6BF26D0C8CB006C1490 /* LottieView.swift in Sources */ = {isa = PBXBuildFile; fileRef = 6344E6BE26D0C8CB006C1490 /* LottieView.swift */; };
		6344E6C126D0C964006C1490 /* MapView.swift in Sources */ = {isa = PBXBuildFile; fileRef = 6344E6C026D0C964006C1490 /* MapView.swift */; };
		6344E6C326D0CA03006C1490 /* mapPin.json in Resources */ = {isa = PBXBuildFile; fileRef = 6344E6C226D0CA03006C1490 /* mapPin.json */; };
		637CED1426D094BB00B1BE22 /* TopDestinationsSwiftUIApp.swift in Sources */ = {isa = PBXBuildFile; fileRef = 637CED1326D094BB00B1BE22 /* TopDestinationsSwiftUIApp.swift */; };
		637CED1626D094BB00B1BE22 /* ContentView.swift in Sources */ = {isa = PBXBuildFile; fileRef = 637CED1526D094BB00B1BE22 /* ContentView.swift */; };
		637CED1826D094BD00B1BE22 /* Assets.xcassets in Resources */ = {isa = PBXBuildFile; fileRef = 637CED1726D094BD00B1BE22 /* Assets.xcassets */; };
		637CED1B26D094BD00B1BE22 /* Preview Assets.xcassets in Resources */ = {isa = PBXBuildFile; fileRef = 637CED1A26D094BD00B1BE22 /* Preview Assets.xcassets */; };
/* End PBXBuildFile section */

/* Begin PBXFileReference section */
		6344E6AC26D0AC36006C1490 /* destinations.json */ = {isa = PBXFileReference; fileEncoding = 4; lastKnownFileType = text.json; path = destinations.json; sourceTree = "<group>"; };
		6344E6AE26D0ACA5006C1490 /* FileDecodingHelper.swift */ = {isa = PBXFileReference; lastKnownFileType = sourcecode.swift; path = FileDecodingHelper.swift; sourceTree = "<group>"; };
		6344E6B026D0ACDF006C1490 /* Destination.swift */ = {isa = PBXFileReference; lastKnownFileType = sourcecode.swift; path = Destination.swift; sourceTree = "<group>"; };
		6344E6B526D0B3A1006C1490 /* Home.swift */ = {isa = PBXFileReference; lastKnownFileType = sourcecode.swift; path = Home.swift; sourceTree = "<group>"; };
		6344E6B726D0B9B2006C1490 /* CardView.swift */ = {isa = PBXFileReference; lastKnownFileType = sourcecode.swift; path = CardView.swift; sourceTree = "<group>"; };
		6344E6B926D0C69A006C1490 /* City.swift */ = {isa = PBXFileReference; lastKnownFileType = sourcecode.swift; path = City.swift; sourceTree = "<group>"; };
		6344E6BE26D0C8CB006C1490 /* LottieView.swift */ = {isa = PBXFileReference; lastKnownFileType = sourcecode.swift; path = LottieView.swift; sourceTree = "<group>"; };
		6344E6C026D0C964006C1490 /* MapView.swift */ = {isa = PBXFileReference; lastKnownFileType = sourcecode.swift; path = MapView.swift; sourceTree = "<group>"; };
		6344E6C226D0CA03006C1490 /* mapPin.json */ = {isa = PBXFileReference; fileEncoding = 4; lastKnownFileType = text.json; name = mapPin.json; path = "../../../../../../Downloads/Torrents/[ FreeCourseWeb.com ] Udemy - Top Destinations App in SwiftUI w - Maps & Lottie Animation/05 Resources/TravelAppSwiftUI/TravelAppSwiftUI/Resources/mapPin.json"; sourceTree = "<group>"; };
		637CED1026D094BB00B1BE22 /* TopDestinationsSwiftUI.app */ = {isa = PBXFileReference; explicitFileType = wrapper.application; includeInIndex = 0; path = TopDestinationsSwiftUI.app; sourceTree = BUILT_PRODUCTS_DIR; };
		637CED1326D094BB00B1BE22 /* TopDestinationsSwiftUIApp.swift */ = {isa = PBXFileReference; lastKnownFileType = sourcecode.swift; path = TopDestinationsSwiftUIApp.swift; sourceTree = "<group>"; };
		637CED1526D094BB00B1BE22 /* ContentView.swift */ = {isa = PBXFileReference; lastKnownFileType = sourcecode.swift; path = ContentView.swift; sourceTree = "<group>"; };
		637CED1726D094BD00B1BE22 /* Assets.xcassets */ = {isa = PBXFileReference; lastKnownFileType = folder.assetcatalog; path = Assets.xcassets; sourceTree = "<group>"; };
		637CED1A26D094BD00B1BE22 /* Preview Assets.xcassets */ = {isa = PBXFileReference; lastKnownFileType = folder.assetcatalog; path = "Preview Assets.xcassets"; sourceTree = "<group>"; };
		637CED1C26D094BD00B1BE22 /* Info.plist */ = {isa = PBXFileReference; lastKnownFileType = text.plist.xml; path = Info.plist; sourceTree = "<group>"; };
/* End PBXFileReference section */

/* Begin PBXFrameworksBuildPhase section */
		637CED0D26D094BB00B1BE22 /* Frameworks */ = {
			isa = PBXFrameworksBuildPhase;
			buildActionMask = 2147483647;
			files = (
				6344E6BD26D0C8BB006C1490 /* Lottie in Frameworks */,
			);
			runOnlyForDeploymentPostprocessing = 0;
		};
/* End PBXFrameworksBuildPhase section */

/* Begin PBXGroup section */
		6344E6A926D0A951006C1490 /* Resources */ = {
			isa = PBXGroup;
			children = (
				6344E6C226D0CA03006C1490 /* mapPin.json */,
				6344E6AC26D0AC36006C1490 /* destinations.json */,
			);
			path = Resources;
			sourceTree = "<group>";
		};
		6344E6AA26D0A966006C1490 /* Models */ = {
			isa = PBXGroup;
			children = (
				6344E6B026D0ACDF006C1490 /* Destination.swift */,
				6344E6B926D0C69A006C1490 /* City.swift */,
			);
			path = Models;
			sourceTree = "<group>";
		};
		6344E6AB26D0A96D006C1490 /* Utils */ = {
			isa = PBXGroup;
			children = (
				6344E6AE26D0ACA5006C1490 /* FileDecodingHelper.swift */,
			);
			path = Utils;
			sourceTree = "<group>";
		};
		6344E6B426D0B389006C1490 /* Views */ = {
			isa = PBXGroup;
			children = (
				6344E6B526D0B3A1006C1490 /* Home.swift */,
				6344E6B726D0B9B2006C1490 /* CardView.swift */,
				6344E6BE26D0C8CB006C1490 /* LottieView.swift */,
				6344E6C026D0C964006C1490 /* MapView.swift */,
			);
			path = Views;
			sourceTree = "<group>";
		};
		637CED0726D094BB00B1BE22 = {
			isa = PBXGroup;
			children = (
				637CED1226D094BB00B1BE22 /* TopDestinationsSwiftUI */,
				637CED1126D094BB00B1BE22 /* Products */,
			);
			sourceTree = "<group>";
		};
		637CED1126D094BB00B1BE22 /* Products */ = {
			isa = PBXGroup;
			children = (
				637CED1026D094BB00B1BE22 /* TopDestinationsSwiftUI.app */,
			);
			name = Products;
			sourceTree = "<group>";
		};
		637CED1226D094BB00B1BE22 /* TopDestinationsSwiftUI */ = {
			isa = PBXGroup;
			children = (
				6344E6B426D0B389006C1490 /* Views */,
				6344E6AB26D0A96D006C1490 /* Utils */,
				6344E6AA26D0A966006C1490 /* Models */,
				6344E6A926D0A951006C1490 /* Resources */,
				637CED1326D094BB00B1BE22 /* TopDestinationsSwiftUIApp.swift */,
				637CED1526D094BB00B1BE22 /* ContentView.swift */,
				637CED1726D094BD00B1BE22 /* Assets.xcassets */,
				637CED1C26D094BD00B1BE22 /* Info.plist */,
				637CED1926D094BD00B1BE22 /* Preview Content */,
			);
			path = TopDestinationsSwiftUI;
			sourceTree = "<group>";
		};
		637CED1926D094BD00B1BE22 /* Preview Content */ = {
			isa = PBXGroup;
			children = (
				637CED1A26D094BD00B1BE22 /* Preview Assets.xcassets */,
			);
			path = "Preview Content";
			sourceTree = "<group>";
		};
/* End PBXGroup section */

/* Begin PBXNativeTarget section */
		637CED0F26D094BB00B1BE22 /* TopDestinationsSwiftUI */ = {
			isa = PBXNativeTarget;
			buildConfigurationList = 637CED1F26D094BD00B1BE22 /* Build configuration list for PBXNativeTarget "TopDestinationsSwiftUI" */;
			buildPhases = (
				637CED0C26D094BB00B1BE22 /* Sources */,
				637CED0D26D094BB00B1BE22 /* Frameworks */,
				637CED0E26D094BB00B1BE22 /* Resources */,
			);
			buildRules = (
			);
			dependencies = (
			);
			name = TopDestinationsSwiftUI;
			packageProductDependencies = (
				6344E6BC26D0C8BB006C1490 /* Lottie */,
			);
			productName = TopDestinationsSwiftUI;
			productReference = 637CED1026D094BB00B1BE22 /* TopDestinationsSwiftUI.app */;
			productType = "com.apple.product-type.application";
		};
/* End PBXNativeTarget section */

/* Begin PBXProject section */
		637CED0826D094BB00B1BE22 /* Project object */ = {
			isa = PBXProject;
			attributes = {
				LastSwiftUpdateCheck = 1250;
				LastUpgradeCheck = 1250;
				TargetAttributes = {
					637CED0F26D094BB00B1BE22 = {
						CreatedOnToolsVersion = 12.5;
					};
				};
			};
			buildConfigurationList = 637CED0B26D094BB00B1BE22 /* Build configuration list for PBXProject "TopDestinationsSwiftUI" */;
			compatibilityVersion = "Xcode 9.3";
			developmentRegion = en;
			hasScannedForEncodings = 0;
			knownRegions = (
				en,
				Base,
			);
			mainGroup = 637CED0726D094BB00B1BE22;
			packageReferences = (
				6344E6BB26D0C8BA006C1490 /* XCRemoteSwiftPackageReference "lottie-ios" */,
			);
			productRefGroup = 637CED1126D094BB00B1BE22 /* Products */;
			projectDirPath = "";
			projectRoot = "";
			targets = (
				637CED0F26D094BB00B1BE22 /* TopDestinationsSwiftUI */,
			);
		};
/* End PBXProject section */

/* Begin PBXResourcesBuildPhase section */
		637CED0E26D094BB00B1BE22 /* Resources */ = {
			isa = PBXResourcesBuildPhase;
			buildActionMask = 2147483647;
			files = (
				6344E6C326D0CA03006C1490 /* mapPin.json in Resources */,
				6344E6AD26D0AC36006C1490 /* destinations.json in Resources */,
				637CED1B26D094BD00B1BE22 /* Preview Assets.xcassets in Resources */,
				637CED1826D094BD00B1BE22 /* Assets.xcassets in Resources */,
			);
			runOnlyForDeploymentPostprocessing = 0;
		};
/* End PBXResourcesBuildPhase section */

/* Begin PBXSourcesBuildPhase section */
		637CED0C26D094BB00B1BE22 /* Sources */ = {
			isa = PBXSourcesBuildPhase;
			buildActionMask = 2147483647;
			files = (
				6344E6AF26D0ACA5006C1490 /* FileDecodingHelper.swift in Sources */,
				637CED1626D094BB00B1BE22 /* ContentView.swift in Sources */,
				6344E6B626D0B3A1006C1490 /* Home.swift in Sources */,
				6344E6B126D0ACDF006C1490 /* Destination.swift in Sources */,
				6344E6B826D0B9B2006C1490 /* CardView.swift in Sources */,
				637CED1426D094BB00B1BE22 /* TopDestinationsSwiftUIApp.swift in Sources */,
				6344E6BA26D0C69A006C1490 /* City.swift in Sources */,
				6344E6C126D0C964006C1490 /* MapView.swift in Sources */,
				6344E6BF26D0C8CB006C1490 /* LottieView.swift in Sources */,
			);
			runOnlyForDeploymentPostprocessing = 0;
		};
/* End PBXSourcesBuildPhase section */

/* Begin XCBuildConfiguration section */
		637CED1D26D094BD00B1BE22 /* Debug */ = {
			isa = XCBuildConfiguration;
			buildSettings = {
				ALWAYS_SEARCH_USER_PATHS = NO;
				CLANG_ANALYZER_NONNULL = YES;
				CLANG_ANALYZER_NUMBER_OBJECT_CONVERSION = YES_AGGRESSIVE;
				CLANG_CXX_LANGUAGE_STANDARD = "gnu++14";
				CLANG_CXX_LIBRARY = "libc++";
				CLANG_ENABLE_MODULES = YES;
				CLANG_ENABLE_OBJC_ARC = YES;
				CLANG_ENABLE_OBJC_WEAK = YES;
				CLANG_WARN_BLOCK_CAPTURE_AUTORELEASING = YES;
				CLANG_WARN_BOOL_CONVERSION = YES;
				CLANG_WARN_COMMA = YES;
				CLANG_WARN_CONSTANT_CONVERSION = YES;
				CLANG_WARN_DEPRECATED_OBJC_IMPLEMENTATIONS = YES;
				CLANG_WARN_DIRECT_OBJC_ISA_USAGE = YES_ERROR;
				CLANG_WARN_DOCUMENTATION_COMMENTS = YES;
				CLANG_WARN_EMPTY_BODY = YES;
				CLANG_WARN_ENUM_CONVERSION = YES;
				CLANG_WARN_INFINITE_RECURSION = YES;
				CLANG_WARN_INT_CONVERSION = YES;
				CLANG_WARN_NON_LITERAL_NULL_CONVERSION = YES;
				CLANG_WARN_OBJC_IMPLICIT_RETAIN_SELF = YES;
				CLANG_WARN_OBJC_LITERAL_CONVERSION = YES;
				CLANG_WARN_OBJC_ROOT_CLASS = YES_ERROR;
				CLANG_WARN_QUOTED_INCLUDE_IN_FRAMEWORK_HEADER = YES;
				CLANG_WARN_RANGE_LOOP_ANALYSIS = YES;
				CLANG_WARN_STRICT_PROTOTYPES = YES;
				CLANG_WARN_SUSPICIOUS_MOVE = YES;
				CLANG_WARN_UNGUARDED_AVAILABILITY = YES_AGGRESSIVE;
				CLANG_WARN_UNREACHABLE_CODE = YES;
				CLANG_WARN__DUPLICATE_METHOD_MATCH = YES;
				COPY_PHASE_STRIP = NO;
				DEBUG_INFORMATION_FORMAT = dwarf;
				ENABLE_STRICT_OBJC_MSGSEND = YES;
				ENABLE_TESTABILITY = YES;
				GCC_C_LANGUAGE_STANDARD = gnu11;
				GCC_DYNAMIC_NO_PIC = NO;
				GCC_NO_COMMON_BLOCKS = YES;
				GCC_OPTIMIZATION_LEVEL = 0;
				GCC_PREPROCESSOR_DEFINITIONS = (
					"DEBUG=1",
					"$(inherited)",
				);
				GCC_WARN_64_TO_32_BIT_CONVERSION = YES;
				GCC_WARN_ABOUT_RETURN_TYPE = YES_ERROR;
				GCC_WARN_UNDECLARED_SELECTOR = YES;
				GCC_WARN_UNINITIALIZED_AUTOS = YES_AGGRESSIVE;
				GCC_WARN_UNUSED_FUNCTION = YES;
				GCC_WARN_UNUSED_VARIABLE = YES;
				IPHONEOS_DEPLOYMENT_TARGET = 14.5;
				MTL_ENABLE_DEBUG_INFO = INCLUDE_SOURCE;
				MTL_FAST_MATH = YES;
				ONLY_ACTIVE_ARCH = YES;
				SDKROOT = iphoneos;
				SWIFT_ACTIVE_COMPILATION_CONDITIONS = DEBUG;
				SWIFT_OPTIMIZATION_LEVEL = "-Onone";
			};
			name = Debug;
		};
		637CED1E26D094BD00B1BE22 /* Release */ = {
			isa = XCBuildConfiguration;
			buildSettings = {
				ALWAYS_SEARCH_USER_PATHS = NO;
				CLANG_ANALYZER_NONNULL = YES;
				CLANG_ANALYZER_NUMBER_OBJECT_CONVERSION = YES_AGGRESSIVE;
				CLANG_CXX_LANGUAGE_STANDARD = "gnu++14";
				CLANG_CXX_LIBRARY = "libc++";
				CLANG_ENABLE_MODULES = YES;
				CLANG_ENABLE_OBJC_ARC = YES;
				CLANG_ENABLE_OBJC_WEAK = YES;
				CLANG_WARN_BLOCK_CAPTURE_AUTORELEASING = YES;
				CLANG_WARN_BOOL_CONVERSION = YES;
				CLANG_WARN_COMMA = YES;
				CLANG_WARN_CONSTANT_CONVERSION = YES;
				CLANG_WARN_DEPRECATED_OBJC_IMPLEMENTATIONS = YES;
				CLANG_WARN_DIRECT_OBJC_ISA_USAGE = YES_ERROR;
				CLANG_WARN_DOCUMENTATION_COMMENTS = YES;
				CLANG_WARN_EMPTY_BODY = YES;
				CLANG_WARN_ENUM_CONVERSION = YES;
				CLANG_WARN_INFINITE_RECURSION = YES;
				CLANG_WARN_INT_CONVERSION = YES;
				CLANG_WARN_NON_LITERAL_NULL_CONVERSION = YES;
				CLANG_WARN_OBJC_IMPLICIT_RETAIN_SELF = YES;
				CLANG_WARN_OBJC_LITERAL_CONVERSION = YES;
				CLANG_WARN_OBJC_ROOT_CLASS = YES_ERROR;
				CLANG_WARN_QUOTED_INCLUDE_IN_FRAMEWORK_HEADER = YES;
				CLANG_WARN_RANGE_LOOP_ANALYSIS = YES;
				CLANG_WARN_STRICT_PROTOTYPES = YES;
				CLANG_WARN_SUSPICIOUS_MOVE = YES;
				CLANG_WARN_UNGUARDED_AVAILABILITY = YES_AGGRESSIVE;
				CLANG_WARN_UNREACHABLE_CODE = YES;
				CLANG_WARN__DUPLICATE_METHOD_MATCH = YES;
				COPY_PHASE_STRIP = NO;
				DEBUG_INFORMATION_FORMAT = "dwarf-with-dsym";
				ENABLE_NS_ASSERTIONS = NO;
				ENABLE_STRICT_OBJC_MSGSEND = YES;
				GCC_C_LANGUAGE_STANDARD = gnu11;
				GCC_NO_COMMON_BLOCKS = YES;
				GCC_WARN_64_TO_32_BIT_CONVERSION = YES;
				GCC_WARN_ABOUT_RETURN_TYPE = YES_ERROR;
				GCC_WARN_UNDECLARED_SELECTOR = YES;
				GCC_WARN_UNINITIALIZED_AUTOS = YES_AGGRESSIVE;
				GCC_WARN_UNUSED_FUNCTION = YES;
				GCC_WARN_UNUSED_VARIABLE = YES;
				IPHONEOS_DEPLOYMENT_TARGET = 14.5;
				MTL_ENABLE_DEBUG_INFO = NO;
				MTL_FAST_MATH = YES;
				SDKROOT = iphoneos;
				SWIFT_COMPILATION_MODE = wholemodule;
				SWIFT_OPTIMIZATION_LEVEL = "-O";
				VALIDATE_PRODUCT = YES;
			};
			name = Release;
		};
		637CED2026D094BD00B1BE22 /* Debug */ = {
			isa = XCBuildConfiguration;
			buildSettings = {
				ASSETCATALOG_COMPILER_APPICON_NAME = AppIcon;
				ASSETCATALOG_COMPILER_GLOBAL_ACCENT_COLOR_NAME = AccentColor;
				CODE_SIGN_STYLE = Automatic;
				DEVELOPMENT_ASSET_PATHS = "\"TopDestinationsSwiftUI/Preview Content\"";
				DEVELOPMENT_TEAM = V5UK7L7Y3Q;
				ENABLE_PREVIEWS = YES;
				INFOPLIST_FILE = TopDestinationsSwiftUI/Info.plist;
				IPHONEOS_DEPLOYMENT_TARGET = 14.0;
				LD_RUNPATH_SEARCH_PATHS = (
					"$(inherited)",
					"@executable_path/Frameworks",
				);
				PRODUCT_BUNDLE_IDENTIFIER = jon.insley.TopDestinationsSwiftUI;
				PRODUCT_NAME = "$(TARGET_NAME)";
				SWIFT_VERSION = 5.0;
				TARGETED_DEVICE_FAMILY = "1,2";
			};
			name = Debug;
		};
		637CED2126D094BD00B1BE22 /* Release */ = {
			isa = XCBuildConfiguration;
			buildSettings = {
				ASSETCATALOG_COMPILER_APPICON_NAME = AppIcon;
				ASSETCATALOG_COMPILER_GLOBAL_ACCENT_COLOR_NAME = AccentColor;
				CODE_SIGN_STYLE = Automatic;
				DEVELOPMENT_ASSET_PATHS = "\"TopDestinationsSwiftUI/Preview Content\"";
				DEVELOPMENT_TEAM = V5UK7L7Y3Q;
				ENABLE_PREVIEWS = YES;
				INFOPLIST_FILE = TopDestinationsSwiftUI/Info.plist;
				IPHONEOS_DEPLOYMENT_TARGET = 14.0;
				LD_RUNPATH_SEARCH_PATHS = (
					"$(inherited)",
					"@executable_path/Frameworks",
				);
				PRODUCT_BUNDLE_IDENTIFIER = jon.insley.TopDestinationsSwiftUI;
				PRODUCT_NAME = "$(TARGET_NAME)";
				SWIFT_VERSION = 5.0;
				TARGETED_DEVICE_FAMILY = "1,2";
			};
			name = Release;
		};
/* End XCBuildConfiguration section */

/* Begin XCConfigurationList section */
		637CED0B26D094BB00B1BE22 /* Build configuration list for PBXProject "TopDestinationsSwiftUI" */ = {
			isa = XCConfigurationList;
			buildConfigurations = (
				637CED1D26D094BD00B1BE22 /* Debug */,
				637CED1E26D094BD00B1BE22 /* Release */,
			);
			defaultConfigurationIsVisible = 0;
			defaultConfigurationName = Release;
		};
		637CED1F26D094BD00B1BE22 /* Build configuration list for PBXNativeTarget "TopDestinationsSwiftUI" */ = {
			isa = XCConfigurationList;
			buildConfigurations = (
				637CED2026D094BD00B1BE22 /* Debug */,
				637CED2126D094BD00B1BE22 /* Release */,
			);
			defaultConfigurationIsVisible = 0;
			defaultConfigurationName = Release;
		};
/* End XCConfigurationList section */

/* Begin XCRemoteSwiftPackageReference section */
		6344E6BB26D0C8BA006C1490 /* XCRemoteSwiftPackageReference "lottie-ios" */ = {
			isa = XCRemoteSwiftPackageReference;
			repositoryURL = "https://github.com/airbnb/lottie-ios.git";
			requirement = {
				kind = upToNextMajorVersion;
				minimumVersion = 3.2.3;
			};
		};
/* End XCRemoteSwiftPackageReference section */

/* Begin XCSwiftPackageProductDependency section */
		6344E6BC26D0C8BB006C1490 /* Lottie */ = {
			isa = XCSwiftPackageProductDependency;
			package = 6344E6BB26D0C8BA006C1490 /* XCRemoteSwiftPackageReference "lottie-ios" */;
			productName = Lottie;
		};
/* End XCSwiftPackageProductDependency section */
	};
	rootObject = 637CED0826D094BB00B1BE22 /* Project object */;
}
